
Microsoft Visual Studio Solution File, Format Version 12.00
# Visual Studio 15
VisualStudioVersion = 15.0.28010.2003
MinimumVisualStudioVersion = 10.0.40219.1
Project("{9A19103F-16F7-4668-BE54-9A1E7A4F7556}") = "SIS.WebServer", "SIS.WebServer\SIS.WebServer.csproj", "{9069BFBB-817C-4FA4-A980-E20E9DD7A469}"
EndProject
Project("{9A19103F-16F7-4668-BE54-9A1E7A4F7556}") = "SIS.HTTP", "SIS.HTTP\SIS.HTTP.csproj", "{9C8ADFD1-16AE-4365-A160-A1C6091A0509}"
EndProject
Project("{9A19103F-16F7-4668-BE54-9A1E7A4F7556}") = "SIS.Framework", "SIS.Framework\SIS.Framework.csproj", "{035FAB55-6E4D-4C26-AB35-DBB6332CBE58}"
EndProject
Project("{9A19103F-16F7-4668-BE54-9A1E7A4F7556}") = "SIS.Demo", "SIS.Demo\SIS.Demo.csproj", "{4C6C0396-E6E3-44EE-9045-819645574AC6}"
EndProject
Project("{2150E333-8FDC-42A3-9474-1A3956D46DE8}") = "Apps", "Apps", "{494FF632-CA91-4F10-B334-9DE3122F9065}"
EndProject
Project("{2150E333-8FDC-42A3-9474-1A3956D46DE8}") = "Torshia", "Torshia", "{AA8F4B49-A441-49D6-A422-7320C27CC6CF}"
EndProject
Project("{9A19103F-16F7-4668-BE54-9A1E7A4F7556}") = "Torshia.App", "Apps\Torshia\Torshia.App\Torshia.App.csproj", "{A183A7FA-5111-4B1D-81A3-63E0889DDB45}"
EndProject
Project("{9A19103F-16F7-4668-BE54-9A1E7A4F7556}") = "Torshia.Data", "Apps\Torshia\Torshia.Data\Torshia.Data.csproj", "{185FAC13-227E-475F-A57D-B8504071B292}"
EndProject
Project("{9A19103F-16F7-4668-BE54-9A1E7A4F7556}") = "Torshia.Models", "Apps\Torshia\Torshia.Models\Torshia.Models.csproj", "{27E6A512-B011-402E-A092-462F88C1A3EF}"
EndProject
Global
	GlobalSection(SolutionConfigurationPlatforms) = preSolution
		Debug|Any CPU = Debug|Any CPU
		Release|Any CPU = Release|Any CPU
	EndGlobalSection
	GlobalSection(ProjectConfigurationPlatforms) = postSolution
		{9069BFBB-817C-4FA4-A980-E20E9DD7A469}.Debug|Any CPU.ActiveCfg = Debug|Any CPU
		{9069BFBB-817C-4FA4-A980-E20E9DD7A469}.Debug|Any CPU.Build.0 = Debug|Any CPU
		{9069BFBB-817C-4FA4-A980-E20E9DD7A469}.Release|Any CPU.ActiveCfg = Release|Any CPU
		{9069BFBB-817C-4FA4-A980-E20E9DD7A469}.Release|Any CPU.Build.0 = Release|Any CPU
		{9C8ADFD1-16AE-4365-A160-A1C6091A0509}.Debug|Any CPU.ActiveCfg = Debug|Any CPU
		{9C8ADFD1-16AE-4365-A160-A1C6091A0509}.Debug|Any CPU.Build.0 = Debug|Any CPU
		{9C8ADFD1-16AE-4365-A160-A1C6091A0509}.Release|Any CPU.ActiveCfg = Release|Any CPU
		{9C8ADFD1-16AE-4365-A160-A1C6091A0509}.Release|Any CPU.Build.0 = Release|Any CPU
		{035FAB55-6E4D-4C26-AB35-DBB6332CBE58}.Debug|Any CPU.ActiveCfg = Debug|Any CPU
		{035FAB55-6E4D-4C26-AB35-DBB6332CBE58}.Debug|Any CPU.Build.0 = Debug|Any CPU
		{035FAB55-6E4D-4C26-AB35-DBB6332CBE58}.Release|Any CPU.ActiveCfg = Release|Any CPU
		{035FAB55-6E4D-4C26-AB35-DBB6332CBE58}.Release|Any CPU.Build.0 = Release|Any CPU
		{4C6C0396-E6E3-44EE-9045-819645574AC6}.Debug|Any CPU.ActiveCfg = Debug|Any CPU
		{4C6C0396-E6E3-44EE-9045-819645574AC6}.Debug|Any CPU.Build.0 = Debug|Any CPU
		{4C6C0396-E6E3-44EE-9045-819645574AC6}.Release|Any CPU.ActiveCfg = Release|Any CPU
		{4C6C0396-E6E3-44EE-9045-819645574AC6}.Release|Any CPU.Build.0 = Release|Any CPU
		{A183A7FA-5111-4B1D-81A3-63E0889DDB45}.Debug|Any CPU.ActiveCfg = Debug|Any CPU
		{A183A7FA-5111-4B1D-81A3-63E0889DDB45}.Debug|Any CPU.Build.0 = Debug|Any CPU
		{A183A7FA-5111-4B1D-81A3-63E0889DDB45}.Release|Any CPU.ActiveCfg = Release|Any CPU
		{A183A7FA-5111-4B1D-81A3-63E0889DDB45}.Release|Any CPU.Build.0 = Release|Any CPU
		{185FAC13-227E-475F-A57D-B8504071B292}.Debug|Any CPU.ActiveCfg = Debug|Any CPU
		{185FAC13-227E-475F-A57D-B8504071B292}.Debug|Any CPU.Build.0 = Debug|Any CPU
		{185FAC13-227E-475F-A57D-B8504071B292}.Release|Any CPU.ActiveCfg = Release|Any CPU
		{185FAC13-227E-475F-A57D-B8504071B292}.Release|Any CPU.Build.0 = Release|Any CPU
		{27E6A512-B011-402E-A092-462F88C1A3EF}.Debug|Any CPU.ActiveCfg = Debug|Any CPU
		{27E6A512-B011-402E-A092-462F88C1A3EF}.Debug|Any CPU.Build.0 = Debug|Any CPU
		{27E6A512-B011-402E-A092-462F88C1A3EF}.Release|Any CPU.ActiveCfg = Release|Any CPU
		{27E6A512-B011-402E-A092-462F88C1A3EF}.Release|Any CPU.Build.0 = Release|Any CPU
	EndGlobalSection
	GlobalSection(SolutionProperties) = preSolution
		HideSolutionNode = FALSE
	EndGlobalSection
	GlobalSection(NestedProjects) = preSolution
		{AA8F4B49-A441-49D6-A422-7320C27CC6CF} = {494FF632-CA91-4F10-B334-9DE3122F9065}
		{A183A7FA-5111-4B1D-81A3-63E0889DDB45} = {AA8F4B49-A441-49D6-A422-7320C27CC6CF}
		{185FAC13-227E-475F-A57D-B8504071B292} = {AA8F4B49-A441-49D6-A422-7320C27CC6CF}
		{27E6A512-B011-402E-A092-462F88C1A3EF} = {AA8F4B49-A441-49D6-A422-7320C27CC6CF}
	EndGlobalSection
	GlobalSection(ExtensibilityGlobals) = postSolution
		SolutionGuid = {7DDABD09-DCFC-4DD2-996C-EDD241D1D1F0}
	EndGlobalSection
EndGlobal
