
Microsoft Visual Studio Solution File, Format Version 12.00
# Visual Studio 15
VisualStudioVersion = 15.0.27703.2042
MinimumVisualStudioVersion = 10.0.40219.1
Project("{9A19103F-16F7-4668-BE54-9A1E7A4F7556}") = "CarDealer.Data", "CarDealer.Data\CarDealer.Data.csproj", "{8DFAB9C9-926B-4611-842F-8003ED4176CC}"
EndProject
Project("{9A19103F-16F7-4668-BE54-9A1E7A4F7556}") = "CarDealer.Models", "CarDealer.Models\CarDealer.Models.csproj", "{751EF35B-E723-498B-B2CE-4D45980211B9}"
EndProject
Project("{9A19103F-16F7-4668-BE54-9A1E7A4F7556}") = "CarDealer.App", "CarDealer.App\CarDealer.App.csproj", "{C116EF59-E694-420A-97E7-F51DA60EC7A8}"
EndProject
Global
	GlobalSection(SolutionConfigurationPlatforms) = preSolution
		Debug|Any CPU = Debug|Any CPU
		Release|Any CPU = Release|Any CPU
	EndGlobalSection
	GlobalSection(ProjectConfigurationPlatforms) = postSolution
		{8DFAB9C9-926B-4611-842F-8003ED4176CC}.Debug|Any CPU.ActiveCfg = Debug|Any CPU
		{8DFAB9C9-926B-4611-842F-8003ED4176CC}.Debug|Any CPU.Build.0 = Debug|Any CPU
		{8DFAB9C9-926B-4611-842F-8003ED4176CC}.Release|Any CPU.ActiveCfg = Release|Any CPU
		{8DFAB9C9-926B-4611-842F-8003ED4176CC}.Release|Any CPU.Build.0 = Release|Any CPU
		{751EF35B-E723-498B-B2CE-4D45980211B9}.Debug|Any CPU.ActiveCfg = Debug|Any CPU
		{751EF35B-E723-498B-B2CE-4D45980211B9}.Debug|Any CPU.Build.0 = Debug|Any CPU
		{751EF35B-E723-498B-B2CE-4D45980211B9}.Release|Any CPU.ActiveCfg = Release|Any CPU
		{751EF35B-E723-498B-B2CE-4D45980211B9}.Release|Any CPU.Build.0 = Release|Any CPU
		{C116EF59-E694-420A-97E7-F51DA60EC7A8}.Debug|Any CPU.ActiveCfg = Debug|Any CPU
		{C116EF59-E694-420A-97E7-F51DA60EC7A8}.Debug|Any CPU.Build.0 = Debug|Any CPU
		{C116EF59-E694-420A-97E7-F51DA60EC7A8}.Release|Any CPU.ActiveCfg = Release|Any CPU
		{C116EF59-E694-420A-97E7-F51DA60EC7A8}.Release|Any CPU.Build.0 = Release|Any CPU
	EndGlobalSection
	GlobalSection(SolutionProperties) = preSolution
		HideSolutionNode = FALSE
	EndGlobalSection
	GlobalSection(ExtensibilityGlobals) = postSolution
		SolutionGuid = {FB35A765-3FED-4C28-8D00-0F930D5ED41C}
	EndGlobalSection
EndGlobal
