
Microsoft Visual Studio Solution File, Format Version 12.00
# Visual Studio 15
VisualStudioVersion = 15.0.27703.2026
MinimumVisualStudioVersion = 10.0.40219.1
Project("{9A19103F-16F7-4668-BE54-9A1E7A4F7556}") = "01.URL_Decode", "01.URL_Decode\01.URL_Decode.csproj", "{3433DDA2-1D92-4E6A-9F99-24C1DC97BD22}"
EndProject
Project("{9A19103F-16F7-4668-BE54-9A1E7A4F7556}") = "02.Validate_URL", "02.Validate_URL\02.Validate_URL.csproj", "{86FFD8C1-F9F2-4BF6-8EA3-8CFE50B5E8A6}"
EndProject
Project("{FAE04EC0-301F-11D3-BF4B-00C04F79EFBC}") = "03.Request_Parser", "03.Request_Parser\03.Request_Parser.csproj", "{F8ECA09C-9BE0-499E-8329-23B7870D31FF}"
EndProject
Global
	GlobalSection(SolutionConfigurationPlatforms) = preSolution
		Debug|Any CPU = Debug|Any CPU
		Release|Any CPU = Release|Any CPU
	EndGlobalSection
	GlobalSection(ProjectConfigurationPlatforms) = postSolution
		{3433DDA2-1D92-4E6A-9F99-24C1DC97BD22}.Debug|Any CPU.ActiveCfg = Debug|Any CPU
		{3433DDA2-1D92-4E6A-9F99-24C1DC97BD22}.Debug|Any CPU.Build.0 = Debug|Any CPU
		{3433DDA2-1D92-4E6A-9F99-24C1DC97BD22}.Release|Any CPU.ActiveCfg = Release|Any CPU
		{3433DDA2-1D92-4E6A-9F99-24C1DC97BD22}.Release|Any CPU.Build.0 = Release|Any CPU
		{86FFD8C1-F9F2-4BF6-8EA3-8CFE50B5E8A6}.Debug|Any CPU.ActiveCfg = Debug|Any CPU
		{86FFD8C1-F9F2-4BF6-8EA3-8CFE50B5E8A6}.Debug|Any CPU.Build.0 = Debug|Any CPU
		{86FFD8C1-F9F2-4BF6-8EA3-8CFE50B5E8A6}.Release|Any CPU.ActiveCfg = Release|Any CPU
		{86FFD8C1-F9F2-4BF6-8EA3-8CFE50B5E8A6}.Release|Any CPU.Build.0 = Release|Any CPU
		{F8ECA09C-9BE0-499E-8329-23B7870D31FF}.Debug|Any CPU.ActiveCfg = Debug|Any CPU
		{F8ECA09C-9BE0-499E-8329-23B7870D31FF}.Debug|Any CPU.Build.0 = Debug|Any CPU
		{F8ECA09C-9BE0-499E-8329-23B7870D31FF}.Release|Any CPU.ActiveCfg = Release|Any CPU
		{F8ECA09C-9BE0-499E-8329-23B7870D31FF}.Release|Any CPU.Build.0 = Release|Any CPU
	EndGlobalSection
	GlobalSection(SolutionProperties) = preSolution
		HideSolutionNode = FALSE
	EndGlobalSection
	GlobalSection(ExtensibilityGlobals) = postSolution
		SolutionGuid = {B04877A7-5969-4008-80DF-09469376A083}
	EndGlobalSection
EndGlobal
