
Microsoft Visual Studio Solution File, Format Version 12.00
# Visual Studio 15
VisualStudioVersion = 15.0.27703.2035
MinimumVisualStudioVersion = 10.0.40219.1
Project("{9A19103F-16F7-4668-BE54-9A1E7A4F7556}") = "P03_FootballBetting", "P03_FootballBetting\P03_FootballBetting.csproj", "{A18D0ED0-A870-477F-A93F-4D1EE0BC7414}"
EndProject
Project("{9A19103F-16F7-4668-BE54-9A1E7A4F7556}") = "P03_FootballBetting.Data", "P03_FootballBetting.Data\P03_FootballBetting.Data.csproj", "{89B766CF-EEF6-44A4-A1E4-034345A983B7}"
EndProject
Project("{9A19103F-16F7-4668-BE54-9A1E7A4F7556}") = "P03_FootballBetting.Data.Models", "P03_FootballBetting.Data.Models\P03_FootballBetting.Data.Models.csproj", "{C6B4838A-4C01-4BAF-9BE5-5D020F4B0735}"
EndProject
Project("{9A19103F-16F7-4668-BE54-9A1E7A4F7556}") = "P01_StudentSystem", "P01_StudentSystem\P01_StudentSystem.csproj", "{605B7033-56F1-4A6D-8ECF-BF5F09DFCB63}"
EndProject
Global
	GlobalSection(SolutionConfigurationPlatforms) = preSolution
		Debug|Any CPU = Debug|Any CPU
		Release|Any CPU = Release|Any CPU
	EndGlobalSection
	GlobalSection(ProjectConfigurationPlatforms) = postSolution
		{A18D0ED0-A870-477F-A93F-4D1EE0BC7414}.Debug|Any CPU.ActiveCfg = Debug|Any CPU
		{A18D0ED0-A870-477F-A93F-4D1EE0BC7414}.Debug|Any CPU.Build.0 = Debug|Any CPU
		{A18D0ED0-A870-477F-A93F-4D1EE0BC7414}.Release|Any CPU.ActiveCfg = Release|Any CPU
		{A18D0ED0-A870-477F-A93F-4D1EE0BC7414}.Release|Any CPU.Build.0 = Release|Any CPU
		{89B766CF-EEF6-44A4-A1E4-034345A983B7}.Debug|Any CPU.ActiveCfg = Debug|Any CPU
		{89B766CF-EEF6-44A4-A1E4-034345A983B7}.Debug|Any CPU.Build.0 = Debug|Any CPU
		{89B766CF-EEF6-44A4-A1E4-034345A983B7}.Release|Any CPU.ActiveCfg = Release|Any CPU
		{89B766CF-EEF6-44A4-A1E4-034345A983B7}.Release|Any CPU.Build.0 = Release|Any CPU
		{C6B4838A-4C01-4BAF-9BE5-5D020F4B0735}.Debug|Any CPU.ActiveCfg = Debug|Any CPU
		{C6B4838A-4C01-4BAF-9BE5-5D020F4B0735}.Debug|Any CPU.Build.0 = Debug|Any CPU
		{C6B4838A-4C01-4BAF-9BE5-5D020F4B0735}.Release|Any CPU.ActiveCfg = Release|Any CPU
		{C6B4838A-4C01-4BAF-9BE5-5D020F4B0735}.Release|Any CPU.Build.0 = Release|Any CPU
		{605B7033-56F1-4A6D-8ECF-BF5F09DFCB63}.Debug|Any CPU.ActiveCfg = Debug|Any CPU
		{605B7033-56F1-4A6D-8ECF-BF5F09DFCB63}.Debug|Any CPU.Build.0 = Debug|Any CPU
		{605B7033-56F1-4A6D-8ECF-BF5F09DFCB63}.Release|Any CPU.ActiveCfg = Release|Any CPU
		{605B7033-56F1-4A6D-8ECF-BF5F09DFCB63}.Release|Any CPU.Build.0 = Release|Any CPU
	EndGlobalSection
	GlobalSection(SolutionProperties) = preSolution
		HideSolutionNode = FALSE
	EndGlobalSection
	GlobalSection(ExtensibilityGlobals) = postSolution
		SolutionGuid = {AFCAADC8-E05D-4A1B-98B1-295DCE1BBBE5}
	EndGlobalSection
EndGlobal
