
Microsoft Visual Studio Solution File, Format Version 12.00
# Visual Studio 2013
VisualStudioVersion = 12.0.21005.1
MinimumVisualStudioVersion = 10.0.40219.1
Project("{FAE04EC0-301F-11D3-BF4B-00C04F79EFBC}") = "Draw-Fort", "Draw-Fort\Draw-Fort.csproj", "{B2F8435F-BE31-4FF1-B686-EE88AB215208}"
EndProject
Project("{FAE04EC0-301F-11D3-BF4B-00C04F79EFBC}") = "Butterfly", "Butterfly\Butterfly.csproj", "{D931716C-B1DF-42EF-AD23-B7B61DE0EBE1}"
EndProject
Project("{FAE04EC0-301F-11D3-BF4B-00C04F79EFBC}") = "Sign-Stop", "Sign-Stop\Sign-Stop.csproj", "{76ECA70E-FB7B-4BC6-AFBC-34CFEBE81EF9}"
EndProject
Global
	GlobalSection(SolutionConfigurationPlatforms) = preSolution
		Debug|Any CPU = Debug|Any CPU
		Release|Any CPU = Release|Any CPU
	EndGlobalSection
	GlobalSection(ProjectConfigurationPlatforms) = postSolution
		{B2F8435F-BE31-4FF1-B686-EE88AB215208}.Debug|Any CPU.ActiveCfg = Debug|Any CPU
		{B2F8435F-BE31-4FF1-B686-EE88AB215208}.Debug|Any CPU.Build.0 = Debug|Any CPU
		{B2F8435F-BE31-4FF1-B686-EE88AB215208}.Release|Any CPU.ActiveCfg = Release|Any CPU
		{B2F8435F-BE31-4FF1-B686-EE88AB215208}.Release|Any CPU.Build.0 = Release|Any CPU
		{D931716C-B1DF-42EF-AD23-B7B61DE0EBE1}.Debug|Any CPU.ActiveCfg = Debug|Any CPU
		{D931716C-B1DF-42EF-AD23-B7B61DE0EBE1}.Debug|Any CPU.Build.0 = Debug|Any CPU
		{D931716C-B1DF-42EF-AD23-B7B61DE0EBE1}.Release|Any CPU.ActiveCfg = Release|Any CPU
		{D931716C-B1DF-42EF-AD23-B7B61DE0EBE1}.Release|Any CPU.Build.0 = Release|Any CPU
		{76ECA70E-FB7B-4BC6-AFBC-34CFEBE81EF9}.Debug|Any CPU.ActiveCfg = Debug|Any CPU
		{76ECA70E-FB7B-4BC6-AFBC-34CFEBE81EF9}.Debug|Any CPU.Build.0 = Debug|Any CPU
		{76ECA70E-FB7B-4BC6-AFBC-34CFEBE81EF9}.Release|Any CPU.ActiveCfg = Release|Any CPU
		{76ECA70E-FB7B-4BC6-AFBC-34CFEBE81EF9}.Release|Any CPU.Build.0 = Release|Any CPU
	EndGlobalSection
	GlobalSection(SolutionProperties) = preSolution
		HideSolutionNode = FALSE
	EndGlobalSection
EndGlobal
