
Microsoft Visual Studio Solution File, Format Version 12.00
# Visual Studio 15
VisualStudioVersion = 15.0.26430.6
MinimumVisualStudioVersion = 10.0.40219.1
Project("{9A19103F-16F7-4668-BE54-9A1E7A4F7556}") = "01. Sum Matrix Elements", "01. Sum Matrix Elements\01. Sum Matrix Elements.csproj", "{D207EE87-763C-4B29-ABAB-665FCC4C5CE2}"
EndProject
Project("{9A19103F-16F7-4668-BE54-9A1E7A4F7556}") = "02. Square With Maximum Sum", "02. Square With Maximum Sum\02. Square With Maximum Sum.csproj", "{A8E49242-21E2-45E7-B4FA-0A2063A4941E}"
EndProject
Project("{FAE04EC0-301F-11D3-BF4B-00C04F79EFBC}") = "03. Group Numbers", "03. Group Numbers\03. Group Numbers.csproj", "{23E5D0FF-89BB-42A7-8763-F59695ACC81C}"
EndProject
Project("{FAE04EC0-301F-11D3-BF4B-00C04F79EFBC}") = "04. Pascal Triangle", "04. Pascal Triangle\04. Pascal Triangle.csproj", "{E8ECC16B-BA50-43A3-97FA-B0DC6630ABE5}"
EndProject
Global
	GlobalSection(SolutionConfigurationPlatforms) = preSolution
		Debug|Any CPU = Debug|Any CPU
		Release|Any CPU = Release|Any CPU
	EndGlobalSection
	GlobalSection(ProjectConfigurationPlatforms) = postSolution
		{D207EE87-763C-4B29-ABAB-665FCC4C5CE2}.Debug|Any CPU.ActiveCfg = Debug|Any CPU
		{D207EE87-763C-4B29-ABAB-665FCC4C5CE2}.Debug|Any CPU.Build.0 = Debug|Any CPU
		{D207EE87-763C-4B29-ABAB-665FCC4C5CE2}.Release|Any CPU.ActiveCfg = Release|Any CPU
		{D207EE87-763C-4B29-ABAB-665FCC4C5CE2}.Release|Any CPU.Build.0 = Release|Any CPU
		{A8E49242-21E2-45E7-B4FA-0A2063A4941E}.Debug|Any CPU.ActiveCfg = Debug|Any CPU
		{A8E49242-21E2-45E7-B4FA-0A2063A4941E}.Debug|Any CPU.Build.0 = Debug|Any CPU
		{A8E49242-21E2-45E7-B4FA-0A2063A4941E}.Release|Any CPU.ActiveCfg = Release|Any CPU
		{A8E49242-21E2-45E7-B4FA-0A2063A4941E}.Release|Any CPU.Build.0 = Release|Any CPU
		{23E5D0FF-89BB-42A7-8763-F59695ACC81C}.Debug|Any CPU.ActiveCfg = Debug|Any CPU
		{23E5D0FF-89BB-42A7-8763-F59695ACC81C}.Debug|Any CPU.Build.0 = Debug|Any CPU
		{23E5D0FF-89BB-42A7-8763-F59695ACC81C}.Release|Any CPU.ActiveCfg = Release|Any CPU
		{23E5D0FF-89BB-42A7-8763-F59695ACC81C}.Release|Any CPU.Build.0 = Release|Any CPU
		{E8ECC16B-BA50-43A3-97FA-B0DC6630ABE5}.Debug|Any CPU.ActiveCfg = Debug|Any CPU
		{E8ECC16B-BA50-43A3-97FA-B0DC6630ABE5}.Debug|Any CPU.Build.0 = Debug|Any CPU
		{E8ECC16B-BA50-43A3-97FA-B0DC6630ABE5}.Release|Any CPU.ActiveCfg = Release|Any CPU
		{E8ECC16B-BA50-43A3-97FA-B0DC6630ABE5}.Release|Any CPU.Build.0 = Release|Any CPU
	EndGlobalSection
	GlobalSection(SolutionProperties) = preSolution
		HideSolutionNode = FALSE
	EndGlobalSection
EndGlobal
