
Microsoft Visual Studio Solution File, Format Version 12.00
# Visual Studio 15
VisualStudioVersion = 15.0.26430.6
MinimumVisualStudioVersion = 10.0.40219.1
Project("{FAE04EC0-301F-11D3-BF4B-00C04F79EFBC}") = "01. Day of Week", "01. Day of Week\01. Day of Week.csproj", "{7929CC71-C9C1-49FC-B003-C8C7645C360E}"
EndProject
Project("{FAE04EC0-301F-11D3-BF4B-00C04F79EFBC}") = "02. Reverse Array of Integers", "02. Reverse Array of Integers\02. Reverse Array of Integers.csproj", "{D4197D7D-A14A-4E07-BF83-C7A65BAE9BA5}"
EndProject
Project("{FAE04EC0-301F-11D3-BF4B-00C04F79EFBC}") = "03. Last K Numbers Sums", "03. Last K Numbers Sums\03. Last K Numbers Sums.csproj", "{F63D8DEC-015C-42CB-84F5-DCB0D97FB157}"
EndProject
Project("{FAE04EC0-301F-11D3-BF4B-00C04F79EFBC}") = "04. Triple Sum", "04. Triple Sum\04. Triple Sum.csproj", "{3FD8D09A-4F79-45E4-B8BD-359AF9B1F7D1}"
EndProject
Global
	GlobalSection(SolutionConfigurationPlatforms) = preSolution
		Debug|Any CPU = Debug|Any CPU
		Release|Any CPU = Release|Any CPU
	EndGlobalSection
	GlobalSection(ProjectConfigurationPlatforms) = postSolution
		{7929CC71-C9C1-49FC-B003-C8C7645C360E}.Debug|Any CPU.ActiveCfg = Debug|Any CPU
		{7929CC71-C9C1-49FC-B003-C8C7645C360E}.Debug|Any CPU.Build.0 = Debug|Any CPU
		{7929CC71-C9C1-49FC-B003-C8C7645C360E}.Release|Any CPU.ActiveCfg = Release|Any CPU
		{7929CC71-C9C1-49FC-B003-C8C7645C360E}.Release|Any CPU.Build.0 = Release|Any CPU
		{D4197D7D-A14A-4E07-BF83-C7A65BAE9BA5}.Debug|Any CPU.ActiveCfg = Debug|Any CPU
		{D4197D7D-A14A-4E07-BF83-C7A65BAE9BA5}.Debug|Any CPU.Build.0 = Debug|Any CPU
		{D4197D7D-A14A-4E07-BF83-C7A65BAE9BA5}.Release|Any CPU.ActiveCfg = Release|Any CPU
		{D4197D7D-A14A-4E07-BF83-C7A65BAE9BA5}.Release|Any CPU.Build.0 = Release|Any CPU
		{F63D8DEC-015C-42CB-84F5-DCB0D97FB157}.Debug|Any CPU.ActiveCfg = Debug|Any CPU
		{F63D8DEC-015C-42CB-84F5-DCB0D97FB157}.Debug|Any CPU.Build.0 = Debug|Any CPU
		{F63D8DEC-015C-42CB-84F5-DCB0D97FB157}.Release|Any CPU.ActiveCfg = Release|Any CPU
		{F63D8DEC-015C-42CB-84F5-DCB0D97FB157}.Release|Any CPU.Build.0 = Release|Any CPU
		{3FD8D09A-4F79-45E4-B8BD-359AF9B1F7D1}.Debug|Any CPU.ActiveCfg = Debug|Any CPU
		{3FD8D09A-4F79-45E4-B8BD-359AF9B1F7D1}.Debug|Any CPU.Build.0 = Debug|Any CPU
		{3FD8D09A-4F79-45E4-B8BD-359AF9B1F7D1}.Release|Any CPU.ActiveCfg = Release|Any CPU
		{3FD8D09A-4F79-45E4-B8BD-359AF9B1F7D1}.Release|Any CPU.Build.0 = Release|Any CPU
	EndGlobalSection
	GlobalSection(SolutionProperties) = preSolution
		HideSolutionNode = FALSE
	EndGlobalSection
EndGlobal
