
Microsoft Visual Studio Solution File, Format Version 12.00
# Visual Studio 2013
VisualStudioVersion = 12.0.21005.1
MinimumVisualStudioVersion = 10.0.40219.1
Project("{FAE04EC0-301F-11D3-BF4B-00C04F79EFBC}") = "01-House-Price", "01-House-Price\01-House-Price.csproj", "{CB0485FC-B434-4F65-AD03-78BB9A6F9277}"
EndProject
Project("{FAE04EC0-301F-11D3-BF4B-00C04F79EFBC}") = "02-Flower-Shop", "02-Flower-Shop\02-Flower-Shop.csproj", "{B2720631-98AC-4E69-8100-C5888AE5D41E}"
EndProject
Project("{FAE04EC0-301F-11D3-BF4B-00C04F79EFBC}") = "03-Bike-Race", "03-Bike-Race\03-Bike-Race.csproj", "{6D86A691-42F2-4DDD-B509-AD06326737A9}"
EndProject
Project("{FAE04EC0-301F-11D3-BF4B-00C04F79EFBC}") = "04-Logistics", "04-Logistics\04-Logistics.csproj", "{FFC645F9-C62C-4770-B6D2-10435A77E384}"
EndProject
Project("{FAE04EC0-301F-11D3-BF4B-00C04F79EFBC}") = "05-Rocket", "05-Rocket\05-Rocket.csproj", "{67C3AE34-4BB2-461A-B99D-6BB340B01DCE}"
EndProject
Project("{FAE04EC0-301F-11D3-BF4B-00C04F79EFBC}") = "06-Max-Combination", "06-Max-Combination\06-Max-Combination.csproj", "{7DB1E275-A68C-40A1-8DD7-395827AD4DD0}"
EndProject
Global
	GlobalSection(SolutionConfigurationPlatforms) = preSolution
		Debug|Any CPU = Debug|Any CPU
		Release|Any CPU = Release|Any CPU
	EndGlobalSection
	GlobalSection(ProjectConfigurationPlatforms) = postSolution
		{CB0485FC-B434-4F65-AD03-78BB9A6F9277}.Debug|Any CPU.ActiveCfg = Debug|Any CPU
		{CB0485FC-B434-4F65-AD03-78BB9A6F9277}.Debug|Any CPU.Build.0 = Debug|Any CPU
		{CB0485FC-B434-4F65-AD03-78BB9A6F9277}.Release|Any CPU.ActiveCfg = Release|Any CPU
		{CB0485FC-B434-4F65-AD03-78BB9A6F9277}.Release|Any CPU.Build.0 = Release|Any CPU
		{B2720631-98AC-4E69-8100-C5888AE5D41E}.Debug|Any CPU.ActiveCfg = Debug|Any CPU
		{B2720631-98AC-4E69-8100-C5888AE5D41E}.Debug|Any CPU.Build.0 = Debug|Any CPU
		{B2720631-98AC-4E69-8100-C5888AE5D41E}.Release|Any CPU.ActiveCfg = Release|Any CPU
		{B2720631-98AC-4E69-8100-C5888AE5D41E}.Release|Any CPU.Build.0 = Release|Any CPU
		{6D86A691-42F2-4DDD-B509-AD06326737A9}.Debug|Any CPU.ActiveCfg = Debug|Any CPU
		{6D86A691-42F2-4DDD-B509-AD06326737A9}.Debug|Any CPU.Build.0 = Debug|Any CPU
		{6D86A691-42F2-4DDD-B509-AD06326737A9}.Release|Any CPU.ActiveCfg = Release|Any CPU
		{6D86A691-42F2-4DDD-B509-AD06326737A9}.Release|Any CPU.Build.0 = Release|Any CPU
		{FFC645F9-C62C-4770-B6D2-10435A77E384}.Debug|Any CPU.ActiveCfg = Debug|Any CPU
		{FFC645F9-C62C-4770-B6D2-10435A77E384}.Debug|Any CPU.Build.0 = Debug|Any CPU
		{FFC645F9-C62C-4770-B6D2-10435A77E384}.Release|Any CPU.ActiveCfg = Release|Any CPU
		{FFC645F9-C62C-4770-B6D2-10435A77E384}.Release|Any CPU.Build.0 = Release|Any CPU
		{67C3AE34-4BB2-461A-B99D-6BB340B01DCE}.Debug|Any CPU.ActiveCfg = Debug|Any CPU
		{67C3AE34-4BB2-461A-B99D-6BB340B01DCE}.Debug|Any CPU.Build.0 = Debug|Any CPU
		{67C3AE34-4BB2-461A-B99D-6BB340B01DCE}.Release|Any CPU.ActiveCfg = Release|Any CPU
		{67C3AE34-4BB2-461A-B99D-6BB340B01DCE}.Release|Any CPU.Build.0 = Release|Any CPU
		{7DB1E275-A68C-40A1-8DD7-395827AD4DD0}.Debug|Any CPU.ActiveCfg = Debug|Any CPU
		{7DB1E275-A68C-40A1-8DD7-395827AD4DD0}.Debug|Any CPU.Build.0 = Debug|Any CPU
		{7DB1E275-A68C-40A1-8DD7-395827AD4DD0}.Release|Any CPU.ActiveCfg = Release|Any CPU
		{7DB1E275-A68C-40A1-8DD7-395827AD4DD0}.Release|Any CPU.Build.0 = Release|Any CPU
	EndGlobalSection
	GlobalSection(SolutionProperties) = preSolution
		HideSolutionNode = FALSE
	EndGlobalSection
EndGlobal
