
Microsoft Visual Studio Solution File, Format Version 12.00
# Visual Studio 15
VisualStudioVersion = 15.0.28010.2050
MinimumVisualStudioVersion = 10.0.40219.1
Project("{9A19103F-16F7-4668-BE54-9A1E7A4F7556}") = "Chushka", "Chushka\Chushka.csproj", "{C1A92CBB-1C4B-48CA-8A5F-67417817FCC5}"
EndProject
Project("{FAE04EC0-301F-11D3-BF4B-00C04F79EFBC}") = "Chushka.Models", "Chushka.Models\Chushka.Models.csproj", "{F9690E90-625E-43A6-935C-50F851B84244}"
EndProject
Project("{FAE04EC0-301F-11D3-BF4B-00C04F79EFBC}") = "Chushka.Data", "Chushka.Data\Chushka.Data.csproj", "{A76D838B-E031-4658-AAD8-FAA71D45601C}"
EndProject
Project("{FAE04EC0-301F-11D3-BF4B-00C04F79EFBC}") = "Chushka.Services", "Chushka.Services\Chushka.Services.csproj", "{F0BDC03B-5E47-4F5E-BC71-54F274D65924}"
EndProject
Global
	GlobalSection(SolutionConfigurationPlatforms) = preSolution
		Debug|Any CPU = Debug|Any CPU
		Release|Any CPU = Release|Any CPU
	EndGlobalSection
	GlobalSection(ProjectConfigurationPlatforms) = postSolution
		{C1A92CBB-1C4B-48CA-8A5F-67417817FCC5}.Debug|Any CPU.ActiveCfg = Debug|Any CPU
		{C1A92CBB-1C4B-48CA-8A5F-67417817FCC5}.Debug|Any CPU.Build.0 = Debug|Any CPU
		{C1A92CBB-1C4B-48CA-8A5F-67417817FCC5}.Release|Any CPU.ActiveCfg = Release|Any CPU
		{C1A92CBB-1C4B-48CA-8A5F-67417817FCC5}.Release|Any CPU.Build.0 = Release|Any CPU
		{F9690E90-625E-43A6-935C-50F851B84244}.Debug|Any CPU.ActiveCfg = Debug|Any CPU
		{F9690E90-625E-43A6-935C-50F851B84244}.Debug|Any CPU.Build.0 = Debug|Any CPU
		{F9690E90-625E-43A6-935C-50F851B84244}.Release|Any CPU.ActiveCfg = Release|Any CPU
		{F9690E90-625E-43A6-935C-50F851B84244}.Release|Any CPU.Build.0 = Release|Any CPU
		{A76D838B-E031-4658-AAD8-FAA71D45601C}.Debug|Any CPU.ActiveCfg = Debug|Any CPU
		{A76D838B-E031-4658-AAD8-FAA71D45601C}.Debug|Any CPU.Build.0 = Debug|Any CPU
		{A76D838B-E031-4658-AAD8-FAA71D45601C}.Release|Any CPU.ActiveCfg = Release|Any CPU
		{A76D838B-E031-4658-AAD8-FAA71D45601C}.Release|Any CPU.Build.0 = Release|Any CPU
		{F0BDC03B-5E47-4F5E-BC71-54F274D65924}.Debug|Any CPU.ActiveCfg = Debug|Any CPU
		{F0BDC03B-5E47-4F5E-BC71-54F274D65924}.Debug|Any CPU.Build.0 = Debug|Any CPU
		{F0BDC03B-5E47-4F5E-BC71-54F274D65924}.Release|Any CPU.ActiveCfg = Release|Any CPU
		{F0BDC03B-5E47-4F5E-BC71-54F274D65924}.Release|Any CPU.Build.0 = Release|Any CPU
	EndGlobalSection
	GlobalSection(SolutionProperties) = preSolution
		HideSolutionNode = FALSE
	EndGlobalSection
	GlobalSection(ExtensibilityGlobals) = postSolution
		SolutionGuid = {E5330EA5-B00D-4B9D-AA3C-3D9DE60803D9}
	EndGlobalSection
EndGlobal
