
Microsoft Visual Studio Solution File, Format Version 12.00
# Visual Studio 15
VisualStudioVersion = 15.0.27703.2042
MinimumVisualStudioVersion = 10.0.40219.1
Project("{9A19103F-16F7-4668-BE54-9A1E7A4F7556}") = "P01_URL_Decode", "P01_URL_Decode\P01_URL_Decode.csproj", "{74621E2B-C7AD-4B2E-A9B9-DCA4E82AA9B1}"
EndProject
Project("{9A19103F-16F7-4668-BE54-9A1E7A4F7556}") = "P02_Validate_URL", "P02_Validate_URL\P02_Validate_URL.csproj", "{62BC56D9-DFE2-4EB3-A3E3-75EB907FBA78}"
EndProject
Project("{FAE04EC0-301F-11D3-BF4B-00C04F79EFBC}") = "P03_Request_Parser", "P03_Request_Parser\P03_Request_Parser.csproj", "{C564BB71-9A07-421F-ADC0-AA831CBC6FC6}"
EndProject
Global
	GlobalSection(SolutionConfigurationPlatforms) = preSolution
		Debug|Any CPU = Debug|Any CPU
		Release|Any CPU = Release|Any CPU
	EndGlobalSection
	GlobalSection(ProjectConfigurationPlatforms) = postSolution
		{74621E2B-C7AD-4B2E-A9B9-DCA4E82AA9B1}.Debug|Any CPU.ActiveCfg = Debug|Any CPU
		{74621E2B-C7AD-4B2E-A9B9-DCA4E82AA9B1}.Debug|Any CPU.Build.0 = Debug|Any CPU
		{74621E2B-C7AD-4B2E-A9B9-DCA4E82AA9B1}.Release|Any CPU.ActiveCfg = Release|Any CPU
		{74621E2B-C7AD-4B2E-A9B9-DCA4E82AA9B1}.Release|Any CPU.Build.0 = Release|Any CPU
		{62BC56D9-DFE2-4EB3-A3E3-75EB907FBA78}.Debug|Any CPU.ActiveCfg = Debug|Any CPU
		{62BC56D9-DFE2-4EB3-A3E3-75EB907FBA78}.Debug|Any CPU.Build.0 = Debug|Any CPU
		{62BC56D9-DFE2-4EB3-A3E3-75EB907FBA78}.Release|Any CPU.ActiveCfg = Release|Any CPU
		{62BC56D9-DFE2-4EB3-A3E3-75EB907FBA78}.Release|Any CPU.Build.0 = Release|Any CPU
		{C564BB71-9A07-421F-ADC0-AA831CBC6FC6}.Debug|Any CPU.ActiveCfg = Debug|Any CPU
		{C564BB71-9A07-421F-ADC0-AA831CBC6FC6}.Debug|Any CPU.Build.0 = Debug|Any CPU
		{C564BB71-9A07-421F-ADC0-AA831CBC6FC6}.Release|Any CPU.ActiveCfg = Release|Any CPU
		{C564BB71-9A07-421F-ADC0-AA831CBC6FC6}.Release|Any CPU.Build.0 = Release|Any CPU
	EndGlobalSection
	GlobalSection(SolutionProperties) = preSolution
		HideSolutionNode = FALSE
	EndGlobalSection
	GlobalSection(ExtensibilityGlobals) = postSolution
		SolutionGuid = {F6538DE8-CF53-4D55-A993-8792E5AEACB1}
	EndGlobalSection
EndGlobal
